
Microsoft Visual Studio Solution File, Format Version 12.00
# Visual Studio 15
VisualStudioVersion = 15.0.28307.779
MinimumVisualStudioVersion = 10.0.40219.1
Project("{FAE04EC0-301F-11D3-BF4B-00C04F79EFBC}") = "TCP", "TCP\TCP.csproj", "{DA0198FA-23AB-4ADA-8403-BF9E6CF59B64}"
EndProject
Global
	GlobalSection(SolutionConfigurationPlatforms) = preSolution
		Debug|Any CPU = Debug|Any CPU
		Release|Any CPU = Release|Any CPU
	EndGlobalSection
	GlobalSection(ProjectConfigurationPlatforms) = postSolution
		{DA0198FA-23AB-4ADA-8403-BF9E6CF59B64}.Debug|Any CPU.ActiveCfg = Debug|Any CPU
		{DA0198FA-23AB-4ADA-8403-BF9E6CF59B64}.Debug|Any CPU.Build.0 = Debug|Any CPU
		{DA0198FA-23AB-4ADA-8403-BF9E6CF59B64}.Release|Any CPU.ActiveCfg = Release|Any CPU
		{DA0198FA-23AB-4ADA-8403-BF9E6CF59B64}.Release|Any CPU.Build.0 = Release|Any CPU
	EndGlobalSection
	GlobalSection(SolutionProperties) = preSolution
		HideSolutionNode = FALSE
	EndGlobalSection
	GlobalSection(ExtensibilityGlobals) = postSolution
		SolutionGuid = {D5918A09-9DCA-4518-A97C-352B9B69632E}
	EndGlobalSection
EndGlobal
